{
  "version": "5",
  "remote": {
    "https://cdn.socket.io/4.7.2/socket.io.esm.min.js": "1fe79f2abbcfc4738b475e4ebad9c482d45816d4e5c76e630a5d7b0003ce7fee"
  },
  "workspace": {
    "packageJson": {
      "dependencies": [
        "npm:express@^4.18.2",
        "npm:node@^21.1.0",
        "npm:socket.io-client@^4.7.2",
        "npm:socket.io@^4.7.2",
        "npm:uuid@^9.0.1"
      ]
    }
  }
}
